// !$*UTF8*$!
{
	archiveVersion = 1;
	classes = {
	};
	objectVersion = 50;
	objects = {

/* Begin PBXBuildFile section */
		CF4EDAD4239FFDB2000BC224 /* AppDelegate.swift in Sources */ = {isa = PBXBuildFile; fileRef = CF4EDAD3239FFDB2000BC224 /* AppDelegate.swift */; };
		CF4EDAD6239FFDB2000BC224 /* ViewController.swift in Sources */ = {isa = PBXBuildFile; fileRef = CF4EDAD5239FFDB2000BC224 /* ViewController.swift */; };
		CF4EDAD9239FFDB2000BC224 /* Main.storyboard in Resources */ = {isa = PBXBuildFile; fileRef = CF4EDAD7239FFDB2000BC224 /* Main.storyboard */; };
		CF4EDADB239FFDB4000BC224 /* Assets.xcassets in Resources */ = {isa = PBXBuildFile; fileRef = CF4EDADA239FFDB4000BC224 /* Assets.xcassets */; };
		CF4EDADE239FFDB4000BC224 /* LaunchScreen.storyboard in Resources */ = {isa = PBXBuildFile; fileRef = CF4EDADC239FFDB4000BC224 /* LaunchScreen.storyboard */; };
		CF4EDAEE239FFEB7000BC224 /* botaogerar.png in Resources */ = {isa = PBXBuildFile; fileRef = CF4EDAEB239FFEB7000BC224 /* botaogerar.png */; };
		CF4EDAEF239FFEB7000BC224 /* botaogerar-pressionado.png in Resources */ = {isa = PBXBuildFile; fileRef = CF4EDAEC239FFEB7000BC224 /* botaogerar-pressionado.png */; };
		CF4EDAF0239FFEB7000BC224 /* logo.png in Resources */ = {isa = PBXBuildFile; fileRef = CF4EDAED239FFEB7000BC224 /* logo.png */; };
/* End PBXBuildFile section */

/* Begin PBXFileReference section */
		CF4EDAD0239FFDB2000BC224 /* Gerador de numeros.app */ = {isa = PBXFileReference; explicitFileType = wrapper.application; includeInIndex = 0; path = "Gerador de numeros.app"; sourceTree = BUILT_PRODUCTS_DIR; };
		CF4EDAD3239FFDB2000BC224 /* AppDelegate.swift */ = {isa = PBXFileReference; lastKnownFileType = sourcecode.swift; path = AppDelegate.swift; sourceTree = "<group>"; };
		CF4EDAD5239FFDB2000BC224 /* ViewController.swift */ = {isa = PBXFileReference; lastKnownFileType = sourcecode.swift; path = ViewController.swift; sourceTree = "<group>"; };
		CF4EDAD8239FFDB2000BC224 /* Base */ = {isa = PBXFileReference; lastKnownFileType = file.storyboard; name = Base; path = Base.lproj/Main.storyboard; sourceTree = "<group>"; };
		CF4EDADA239FFDB4000BC224 /* Assets.xcassets */ = {isa = PBXFileReference; lastKnownFileType = folder.assetcatalog; path = Assets.xcassets; sourceTree = "<group>"; };
		CF4EDADD239FFDB4000BC224 /* Base */ = {isa = PBXFileReference; lastKnownFileType = file.storyboard; name = Base; path = Base.lproj/LaunchScreen.storyboard; sourceTree = "<group>"; };
		CF4EDADF239FFDB4000BC224 /* Info.plist */ = {isa = PBXFileReference; lastKnownFileType = text.plist.xml; path = Info.plist; sourceTree = "<group>"; };
		CF4EDAEB239FFEB7000BC224 /* botaogerar.png */ = {isa = PBXFileReference; lastKnownFileType = image.png; path = botaogerar.png; sourceTree = "<group>"; };
		CF4EDAEC239FFEB7000BC224 /* botaogerar-pressionado.png */ = {isa = PBXFileReference; lastKnownFileType = image.png; path = "botaogerar-pressionado.png"; sourceTree = "<group>"; };
		CF4EDAED239FFEB7000BC224 /* logo.png */ = {isa = PBXFileReference; lastKnownFileType = image.png; path = logo.png; sourceTree = "<group>"; };
/* End PBXFileReference section */

/* Begin PBXFrameworksBuildPhase section */
		CF4EDACD239FFDB2000BC224 /* Frameworks */ = {
			isa = PBXFrameworksBuildPhase;
			buildActionMask = 2147483647;
			files = (
			);
			runOnlyForDeploymentPostprocessing = 0;
		};
/* End PBXFrameworksBuildPhase section */

/* Begin PBXGroup section */
		CF4EDAC7239FFDB2000BC224 = {
			isa = PBXGroup;
			children = (
				CF4EDAD2239FFDB2000BC224 /* Gerador de numeros */,
				CF4EDAD1239FFDB2000BC224 /* Products */,
			);
			sourceTree = "<group>";
		};
		CF4EDAD1239FFDB2000BC224 /* Products */ = {
			isa = PBXGroup;
			children = (
				CF4EDAD0239FFDB2000BC224 /* Gerador de numeros.app */,
			);
			name = Products;
			sourceTree = "<group>";
		};
		CF4EDAD2239FFDB2000BC224 /* Gerador de numeros */ = {
			isa = PBXGroup;
			children = (
				CF4EDAEC239FFEB7000BC224 /* botaogerar-pressionado.png */,
				CF4EDAEB239FFEB7000BC224 /* botaogerar.png */,
				CF4EDAED239FFEB7000BC224 /* logo.png */,
				CF4EDAD3239FFDB2000BC224 /* AppDelegate.swift */,
				CF4EDAD5239FFDB2000BC224 /* ViewController.swift */,
				CF4EDAD7239FFDB2000BC224 /* Main.storyboard */,
				CF4EDADA239FFDB4000BC224 /* Assets.xcassets */,
				CF4EDADC239FFDB4000BC224 /* LaunchScreen.storyboard */,
				CF4EDADF239FFDB4000BC224 /* Info.plist */,
			);
			path = "Gerador de numeros";
			sourceTree = "<group>";
		};
/* End PBXGroup section */

/* Begin PBXNativeTarget section */
		CF4EDACF239FFDB2000BC224 /* Gerador de numeros */ = {
			isa = PBXNativeTarget;
			buildConfigurationList = CF4EDAE2239FFDB4000BC224 /* Build configuration list for PBXNativeTarget "Gerador de numeros" */;
			buildPhases = (
				CF4EDACC239FFDB2000BC224 /* Sources */,
				CF4EDACD239FFDB2000BC224 /* Frameworks */,
				CF4EDACE239FFDB2000BC224 /* Resources */,
			);
			buildRules = (
			);
			dependencies = (
			);
			name = "Gerador de numeros";
			productName = "Gerador de numeros";
			productReference = CF4EDAD0239FFDB2000BC224 /* Gerador de numeros.app */;
			productType = "com.apple.product-type.application";
		};
/* End PBXNativeTarget section */

/* Begin PBXProject section */
		CF4EDAC8239FFDB2000BC224 /* Project object */ = {
			isa = PBXProject;
			attributes = {
				LastSwiftUpdateCheck = 1010;
				LastUpgradeCheck = 1010;
				ORGANIZATIONNAME = "Luna IOS1";
				TargetAttributes = {
					CF4EDACF239FFDB2000BC224 = {
						CreatedOnToolsVersion = 10.1;
					};
				};
			};
			buildConfigurationList = CF4EDACB239FFDB2000BC224 /* Build configuration list for PBXProject "Gerador de numeros" */;
			compatibilityVersion = "Xcode 9.3";
			developmentRegion = en;
			hasScannedForEncodings = 0;
			knownRegions = (
				en,
				Base,
			);
			mainGroup = CF4EDAC7239FFDB2000BC224;
			productRefGroup = CF4EDAD1239FFDB2000BC224 /* Products */;
			projectDirPath = "";
			projectRoot = "";
			targets = (
				CF4EDACF239FFDB2000BC224 /* Gerador de numeros */,
			);
		};
/* End PBXProject section */

/* Begin PBXResourcesBuildPhase section */
		CF4EDACE239FFDB2000BC224 /* Resources */ = {
			isa = PBXResourcesBuildPhase;
			buildActionMask = 2147483647;
			files = (
				CF4EDADE239FFDB4000BC224 /* LaunchScreen.storyboard in Resources */,
				CF4EDADB239FFDB4000BC224 /* Assets.xcassets in Resources */,
				CF4EDAF0239FFEB7000BC224 /* logo.png in Resources */,
				CF4EDAD9239FFDB2000BC224 /* Main.storyboard in Resources */,
				CF4EDAEE239FFEB7000BC224 /* botaogerar.png in Resources */,
				CF4EDAEF239FFEB7000BC224 /* botaogerar-pressionado.png in Resources */,
			);
			runOnlyForDeploymentPostprocessing = 0;
		};
/* End PBXResourcesBuildPhase section */

/* Begin PBXSourcesBuildPhase section */
		CF4EDACC239FFDB2000BC224 /* Sources */ = {
			isa = PBXSourcesBuildPhase;
			buildActionMask = 2147483647;
			files = (
				CF4EDAD6239FFDB2000BC224 /* ViewController.swift in Sources */,
				CF4EDAD4239FFDB2000BC224 /* AppDelegate.swift in Sources */,
			);
			runOnlyForDeploymentPostprocessing = 0;
		};
/* End PBXSourcesBuildPhase section */

/* Begin PBXVariantGroup section */
		CF4EDAD7239FFDB2000BC224 /* Main.storyboard */ = {
			isa = PBXVariantGroup;
			children = (
				CF4EDAD8239FFDB2000BC224 /* Base */,
			);
			name = Main.storyboard;
			sourceTree = "<group>";
		};
		CF4EDADC239FFDB4000BC224 /* LaunchScreen.storyboard */ = {
			isa = PBXVariantGroup;
			children = (
				CF4EDADD239FFDB4000BC224 /* Base */,
			);
			name = LaunchScreen.storyboard;
			sourceTree = "<group>";
		};
/* End PBXVariantGroup section */

/* Begin XCBuildConfiguration section */
		CF4EDAE0239FFDB4000BC224 /* Debug */ = {
			isa = XCBuildConfiguration;
			buildSettings = {
				ALWAYS_SEARCH_USER_PATHS = NO;
				CLANG_ANALYZER_NONNULL = YES;
				CLANG_ANALYZER_NUMBER_OBJECT_CONVERSION = YES_AGGRESSIVE;
				CLANG_CXX_LANGUAGE_STANDARD = "gnu++14";
				CLANG_CXX_LIBRARY = "libc++";
				CLANG_ENABLE_MODULES = YES;
				CLANG_ENABLE_OBJC_ARC = YES;
				CLANG_ENABLE_OBJC_WEAK = YES;
				CLANG_WARN_BLOCK_CAPTURE_AUTORELEASING = YES;
				CLANG_WARN_BOOL_CONVERSION = YES;
				CLANG_WARN_COMMA = YES;
				CLANG_WARN_CONSTANT_CONVERSION = YES;
				CLANG_WARN_DEPRECATED_OBJC_IMPLEMENTATIONS = YES;
				CLANG_WARN_DIRECT_OBJC_ISA_USAGE = YES_ERROR;
				CLANG_WARN_DOCUMENTATION_COMMENTS = YES;
				CLANG_WARN_EMPTY_BODY = YES;
				CLANG_WARN_ENUM_CONVERSION = YES;
				CLANG_WARN_INFINITE_RECURSION = YES;
				CLANG_WARN_INT_CONVERSION = YES;
				CLANG_WARN_NON_LITERAL_NULL_CONVERSION = YES;
				CLANG_WARN_OBJC_IMPLICIT_RETAIN_SELF = YES;
				CLANG_WARN_OBJC_LITERAL_CONVERSION = YES;
				CLANG_WARN_OBJC_ROOT_CLASS = YES_ERROR;
				CLANG_WARN_RANGE_LOOP_ANALYSIS = YES;
				CLANG_WARN_STRICT_PROTOTYPES = YES;
				CLANG_WARN_SUSPICIOUS_MOVE = YES;
				CLANG_WARN_UNGUARDED_AVAILABILITY = YES_AGGRESSIVE;
				CLANG_WARN_UNREACHABLE_CODE = YES;
				CLANG_WARN__DUPLICATE_METHOD_MATCH = YES;
				CODE_SIGN_IDENTITY = "iPhone Developer";
				COPY_PHASE_STRIP = NO;
				DEBUG_INFORMATION_FORMAT = dwarf;
				ENABLE_STRICT_OBJC_MSGSEND = YES;
				ENABLE_TESTABILITY = YES;
				GCC_C_LANGUAGE_STANDARD = gnu11;
				GCC_DYNAMIC_NO_PIC = NO;
				GCC_NO_COMMON_BLOCKS = YES;
				GCC_OPTIMIZATION_LEVEL = 0;
				GCC_PREPROCESSOR_DEFINITIONS = (
					"DEBUG=1",
					"$(inherited)",
				);
				GCC_WARN_64_TO_32_BIT_CONVERSION = YES;
				GCC_WARN_ABOUT_RETURN_TYPE = YES_ERROR;
				GCC_WARN_UNDECLARED_SELECTOR = YES;
				GCC_WARN_UNINITIALIZED_AUTOS = YES_AGGRESSIVE;
				GCC_WARN_UNUSED_FUNCTION = YES;
				GCC_WARN_UNUSED_VARIABLE = YES;
				IPHONEOS_DEPLOYMENT_TARGET = 12.1;
				MTL_ENABLE_DEBUG_INFO = INCLUDE_SOURCE;
				MTL_FAST_MATH = YES;
				ONLY_ACTIVE_ARCH = YES;
				SDKROOT = iphoneos;
				SWIFT_ACTIVE_COMPILATION_CONDITIONS = DEBUG;
				SWIFT_OPTIMIZATION_LEVEL = "-Onone";
			};
			name = Debug;
		};
		CF4EDAE1239FFDB4000BC224 /* Release */ = {
			isa = XCBuildConfiguration;
			buildSettings = {
				ALWAYS_SEARCH_USER_PATHS = NO;
				CLANG_ANALYZER_NONNULL = YES;
				CLANG_ANALYZER_NUMBER_OBJECT_CONVERSION = YES_AGGRESSIVE;
				CLANG_CXX_LANGUAGE_STANDARD = "gnu++14";
				CLANG_CXX_LIBRARY = "libc++";
				CLANG_ENABLE_MODULES = YES;
				CLANG_ENABLE_OBJC_ARC = YES;
				CLANG_ENABLE_OBJC_WEAK = YES;
				CLANG_WARN_BLOCK_CAPTURE_AUTORELEASING = YES;
				CLANG_WARN_BOOL_CONVERSION = YES;
				CLANG_WARN_COMMA = YES;
				CLANG_WARN_CONSTANT_CONVERSION = YES;
				CLANG_WARN_DEPRECATED_OBJC_IMPLEMENTATIONS = YES;
				CLANG_WARN_DIRECT_OBJC_ISA_USAGE = YES_ERROR;
				CLANG_WARN_DOCUMENTATION_COMMENTS = YES;
				CLANG_WARN_EMPTY_BODY = YES;
				CLANG_WARN_ENUM_CONVERSION = YES;
				CLANG_WARN_INFINITE_RECURSION = YES;
				CLANG_WARN_INT_CONVERSION = YES;
				CLANG_WARN_NON_LITERAL_NULL_CONVERSION = YES;
				CLANG_WARN_OBJC_IMPLICIT_RETAIN_SELF = YES;
				CLANG_WARN_OBJC_LITERAL_CONVERSION = YES;
				CLANG_WARN_OBJC_ROOT_CLASS = YES_ERROR;
				CLANG_WARN_RANGE_LOOP_ANALYSIS = YES;
				CLANG_WARN_STRICT_PROTOTYPES = YES;
				CLANG_WARN_SUSPICIOUS_MOVE = YES;
				CLANG_WARN_UNGUARDED_AVAILABILITY = YES_AGGRESSIVE;
				CLANG_WARN_UNREACHABLE_CODE = YES;
				CLANG_WARN__DUPLICATE_METHOD_MATCH = YES;
				CODE_SIGN_IDENTITY = "iPhone Developer";
				COPY_PHASE_STRIP = NO;
				DEBUG_INFORMATION_FORMAT = "dwarf-with-dsym";
				ENABLE_NS_ASSERTIONS = NO;
				ENABLE_STRICT_OBJC_MSGSEND = YES;
				GCC_C_LANGUAGE_STANDARD = gnu11;
				GCC_NO_COMMON_BLOCKS = YES;
				GCC_WARN_64_TO_32_BIT_CONVERSION = YES;
				GCC_WARN_ABOUT_RETURN_TYPE = YES_ERROR;
				GCC_WARN_UNDECLARED_SELECTOR = YES;
				GCC_WARN_UNINITIALIZED_AUTOS = YES_AGGRESSIVE;
				GCC_WARN_UNUSED_FUNCTION = YES;
				GCC_WARN_UNUSED_VARIABLE = YES;
				IPHONEOS_DEPLOYMENT_TARGET = 12.1;
				MTL_ENABLE_DEBUG_INFO = NO;
				MTL_FAST_MATH = YES;
				SDKROOT = iphoneos;
				SWIFT_COMPILATION_MODE = wholemodule;
				SWIFT_OPTIMIZATION_LEVEL = "-O";
				VALIDATE_PRODUCT = YES;
			};
			name = Release;
		};
		CF4EDAE3239FFDB4000BC224 /* Debug */ = {
			isa = XCBuildConfiguration;
			buildSettings = {
				ASSETCATALOG_COMPILER_APPICON_NAME = AppIcon;
				CODE_SIGN_STYLE = Automatic;
				DEVELOPMENT_TEAM = ZV6A2M5V3N;
				INFOPLIST_FILE = "Gerador de numeros/Info.plist";
				LD_RUNPATH_SEARCH_PATHS = (
					"$(inherited)",
					"@executable_path/Frameworks",
				);
				PRODUCT_BUNDLE_IDENTIFIER = "com.lunaios1.Gerador-de-numeros";
				PRODUCT_NAME = "$(TARGET_NAME)";
				SWIFT_VERSION = 4.2;
				TARGETED_DEVICE_FAMILY = "1,2";
			};
			name = Debug;
		};
		CF4EDAE4239FFDB4000BC224 /* Release */ = {
			isa = XCBuildConfiguration;
			buildSettings = {
				ASSETCATALOG_COMPILER_APPICON_NAME = AppIcon;
				CODE_SIGN_STYLE = Automatic;
				DEVELOPMENT_TEAM = ZV6A2M5V3N;
				INFOPLIST_FILE = "Gerador de numeros/Info.plist";
				LD_RUNPATH_SEARCH_PATHS = (
					"$(inherited)",
					"@executable_path/Frameworks",
				);
				PRODUCT_BUNDLE_IDENTIFIER = "com.lunaios1.Gerador-de-numeros";
				PRODUCT_NAME = "$(TARGET_NAME)";
				SWIFT_VERSION = 4.2;
				TARGETED_DEVICE_FAMILY = "1,2";
			};
			name = Release;
		};
/* End XCBuildConfiguration section */

/* Begin XCConfigurationList section */
		CF4EDACB239FFDB2000BC224 /* Build configuration list for PBXProject "Gerador de numeros" */ = {
			isa = XCConfigurationList;
			buildConfigurations = (
				CF4EDAE0239FFDB4000BC224 /* Debug */,
				CF4EDAE1239FFDB4000BC224 /* Release */,
			);
			defaultConfigurationIsVisible = 0;
			defaultConfigurationName = Release;
		};
		CF4EDAE2239FFDB4000BC224 /* Build configuration list for PBXNativeTarget "Gerador de numeros" */ = {
			isa = XCConfigurationList;
			buildConfigurations = (
				CF4EDAE3239FFDB4000BC224 /* Debug */,
				CF4EDAE4239FFDB4000BC224 /* Release */,
			);
			defaultConfigurationIsVisible = 0;
			defaultConfigurationName = Release;
		};
/* End XCConfigurationList section */
	};
	rootObject = CF4EDAC8239FFDB2000BC224 /* Project object */;
}
